
Microsoft Visual Studio Solution File, Format Version 12.00
# Visual Studio Version 17
VisualStudioVersion = 17.14.36109.1 d17.14
MinimumVisualStudioVersion = 10.0.40219.1
Project("{FAE04EC0-301F-11D3-BF4B-00C04F79EFBC}") = "MauiCRUD", "MauiCRUD\MauiCRUD.csproj", "{B500A0E8-EFC7-47D2-B203-EC0FAF69A8E4}"
EndProject
Global
	GlobalSection(SolutionConfigurationPlatforms) = preSolution
		Debug|Any CPU = Debug|Any CPU
		Release|Any CPU = Release|Any CPU
	EndGlobalSection
	GlobalSection(ProjectConfigurationPlatforms) = postSolution
		{B500A0E8-EFC7-47D2-B203-EC0FAF69A8E4}.Debug|Any CPU.ActiveCfg = Debug|Any CPU
		{B500A0E8-EFC7-47D2-B203-EC0FAF69A8E4}.Debug|Any CPU.Build.0 = Debug|Any CPU
		{B500A0E8-EFC7-47D2-B203-EC0FAF69A8E4}.Release|Any CPU.ActiveCfg = Release|Any CPU
		{B500A0E8-EFC7-47D2-B203-EC0FAF69A8E4}.Release|Any CPU.Build.0 = Release|Any CPU
	EndGlobalSection
	GlobalSection(SolutionProperties) = preSolution
		HideSolutionNode = FALSE
	EndGlobalSection
	GlobalSection(ExtensibilityGlobals) = postSolution
		SolutionGuid = {0D174155-46A7-449F-95A6-EABDF03A34A6}
	EndGlobalSection
EndGlobal
